// !$*UTF8*$!
{
	archiveVersion = 1;
	classes = {
	};
	objectVersion = 46;
	objects = {

/* Begin PBXBuildFile section */
		CA21014E1B524956003F2BD8 /* AppDelegate.swift in Sources */ = {isa = PBXBuildFile; fileRef = CA21014D1B524956003F2BD8 /* AppDelegate.swift */; };
		CA2101501B524956003F2BD8 /* ViewController.swift in Sources */ = {isa = PBXBuildFile; fileRef = CA21014F1B524956003F2BD8 /* ViewController.swift */; };
		CA2101531B524956003F2BD8 /* Main.storyboard in Resources */ = {isa = PBXBuildFile; fileRef = CA2101511B524956003F2BD8 /* Main.storyboard */; };
		CA2101551B524956003F2BD8 /* Images.xcassets in Resources */ = {isa = PBXBuildFile; fileRef = CA2101541B524956003F2BD8 /* Images.xcassets */; };
		CA2101581B524956003F2BD8 /* LaunchScreen.xib in Resources */ = {isa = PBXBuildFile; fileRef = CA2101561B524956003F2BD8 /* LaunchScreen.xib */; };
		CA2101641B524956003F2BD8 /* WeatherChartTests.swift in Sources */ = {isa = PBXBuildFile; fileRef = CA2101631B524956003F2BD8 /* WeatherChartTests.swift */; };
		CA21016E1B52A039003F2BD8 /* tokyo_St_mnl.gpx in Resources */ = {isa = PBXBuildFile; fileRef = CA21016D1B52A039003F2BD8 /* tokyo_St_mnl.gpx */; };
		CA2101721B52A171003F2BD8 /* Niigata_St.gpx in Resources */ = {isa = PBXBuildFile; fileRef = CA2101711B52A171003F2BD8 /* Niigata_St.gpx */; };
		CA2101741B52BE37003F2BD8 /* ChartViewController.swift in Sources */ = {isa = PBXBuildFile; fileRef = CA2101731B52BE37003F2BD8 /* ChartViewController.swift */; };
		CA2101761B52D313003F2BD8 /* Kyoto_St.gpx in Resources */ = {isa = PBXBuildFile; fileRef = CA2101751B52D313003F2BD8 /* Kyoto_St.gpx */; };
		CAD9143F1B5F511300538286 /* Sapporp_to_Hakodate.gpx in Resources */ = {isa = PBXBuildFile; fileRef = CAD9143E1B5F511300538286 /* Sapporp_to_Hakodate.gpx */; };
/* End PBXBuildFile section */

/* Begin PBXContainerItemProxy section */
		CA21015E1B524956003F2BD8 /* PBXContainerItemProxy */ = {
			isa = PBXContainerItemProxy;
			containerPortal = CA2101401B524956003F2BD8 /* Project object */;
			proxyType = 1;
			remoteGlobalIDString = CA2101471B524956003F2BD8;
			remoteInfo = WeatherChart;
		};
/* End PBXContainerItemProxy section */

/* Begin PBXFileReference section */
		CA2101481B524956003F2BD8 /* WeatherChart.app */ = {isa = PBXFileReference; explicitFileType = wrapper.application; includeInIndex = 0; path = WeatherChart.app; sourceTree = BUILT_PRODUCTS_DIR; };
		CA21014C1B524956003F2BD8 /* Info.plist */ = {isa = PBXFileReference; lastKnownFileType = text.plist.xml; path = Info.plist; sourceTree = "<group>"; };
		CA21014D1B524956003F2BD8 /* AppDelegate.swift */ = {isa = PBXFileReference; lastKnownFileType = sourcecode.swift; path = AppDelegate.swift; sourceTree = "<group>"; };
		CA21014F1B524956003F2BD8 /* ViewController.swift */ = {isa = PBXFileReference; lastKnownFileType = sourcecode.swift; path = ViewController.swift; sourceTree = "<group>"; };
		CA2101521B524956003F2BD8 /* Base */ = {isa = PBXFileReference; lastKnownFileType = file.storyboard; name = Base; path = Base.lproj/Main.storyboard; sourceTree = "<group>"; };
		CA2101541B524956003F2BD8 /* Images.xcassets */ = {isa = PBXFileReference; lastKnownFileType = folder.assetcatalog; path = Images.xcassets; sourceTree = "<group>"; };
		CA2101571B524956003F2BD8 /* Base */ = {isa = PBXFileReference; lastKnownFileType = file.xib; name = Base; path = Base.lproj/LaunchScreen.xib; sourceTree = "<group>"; };
		CA21015D1B524956003F2BD8 /* WeatherChartTests.xctest */ = {isa = PBXFileReference; explicitFileType = wrapper.cfbundle; includeInIndex = 0; path = WeatherChartTests.xctest; sourceTree = BUILT_PRODUCTS_DIR; };
		CA2101621B524956003F2BD8 /* Info.plist */ = {isa = PBXFileReference; lastKnownFileType = text.plist.xml; path = Info.plist; sourceTree = "<group>"; };
		CA2101631B524956003F2BD8 /* WeatherChartTests.swift */ = {isa = PBXFileReference; lastKnownFileType = sourcecode.swift; path = WeatherChartTests.swift; sourceTree = "<group>"; };
		CA21016D1B52A039003F2BD8 /* tokyo_St_mnl.gpx */ = {isa = PBXFileReference; fileEncoding = 4; lastKnownFileType = text.xml; path = tokyo_St_mnl.gpx; sourceTree = "<group>"; };
		CA2101711B52A171003F2BD8 /* Niigata_St.gpx */ = {isa = PBXFileReference; fileEncoding = 4; lastKnownFileType = text.xml; path = Niigata_St.gpx; sourceTree = "<group>"; };
		CA2101731B52BE37003F2BD8 /* ChartViewController.swift */ = {isa = PBXFileReference; fileEncoding = 4; lastKnownFileType = sourcecode.swift; path = ChartViewController.swift; sourceTree = "<group>"; };
		CA2101751B52D313003F2BD8 /* Kyoto_St.gpx */ = {isa = PBXFileReference; fileEncoding = 4; lastKnownFileType = text.xml; path = Kyoto_St.gpx; sourceTree = "<group>"; };
		CAD9143E1B5F511300538286 /* Sapporp_to_Hakodate.gpx */ = {isa = PBXFileReference; fileEncoding = 4; lastKnownFileType = text.xml; path = Sapporp_to_Hakodate.gpx; sourceTree = "<group>"; };
/* End PBXFileReference section */

/* Begin PBXFrameworksBuildPhase section */
		CA2101451B524956003F2BD8 /* Frameworks */ = {
			isa = PBXFrameworksBuildPhase;
			buildActionMask = 2147483647;
			files = (
			);
			runOnlyForDeploymentPostprocessing = 0;
		};
		CA21015A1B524956003F2BD8 /* Frameworks */ = {
			isa = PBXFrameworksBuildPhase;
			buildActionMask = 2147483647;
			files = (
			);
			runOnlyForDeploymentPostprocessing = 0;
		};
/* End PBXFrameworksBuildPhase section */

/* Begin PBXGroup section */
		CA21013F1B524956003F2BD8 = {
			isa = PBXGroup;
			children = (
				CA21014A1B524956003F2BD8 /* WeatherChart */,
				CA2101601B524956003F2BD8 /* WeatherChartTests */,
				CA2101491B524956003F2BD8 /* Products */,
				CA21016D1B52A039003F2BD8 /* tokyo_St_mnl.gpx */,
				CA2101711B52A171003F2BD8 /* Niigata_St.gpx */,
				CA2101751B52D313003F2BD8 /* Kyoto_St.gpx */,
				CAD9143E1B5F511300538286 /* Sapporp_to_Hakodate.gpx */,
			);
			sourceTree = "<group>";
		};
		CA2101491B524956003F2BD8 /* Products */ = {
			isa = PBXGroup;
			children = (
				CA2101481B524956003F2BD8 /* WeatherChart.app */,
				CA21015D1B524956003F2BD8 /* WeatherChartTests.xctest */,
			);
			name = Products;
			sourceTree = "<group>";
		};
		CA21014A1B524956003F2BD8 /* WeatherChart */ = {
			isa = PBXGroup;
			children = (
				CA21014D1B524956003F2BD8 /* AppDelegate.swift */,
				CA21014F1B524956003F2BD8 /* ViewController.swift */,
				CA2101731B52BE37003F2BD8 /* ChartViewController.swift */,
				CA2101511B524956003F2BD8 /* Main.storyboard */,
				CA2101541B524956003F2BD8 /* Images.xcassets */,
				CA2101561B524956003F2BD8 /* LaunchScreen.xib */,
				CA21014B1B524956003F2BD8 /* Supporting Files */,
			);
			path = WeatherChart;
			sourceTree = "<group>";
		};
		CA21014B1B524956003F2BD8 /* Supporting Files */ = {
			isa = PBXGroup;
			children = (
				CA21014C1B524956003F2BD8 /* Info.plist */,
			);
			name = "Supporting Files";
			sourceTree = "<group>";
		};
		CA2101601B524956003F2BD8 /* WeatherChartTests */ = {
			isa = PBXGroup;
			children = (
				CA2101631B524956003F2BD8 /* WeatherChartTests.swift */,
				CA2101611B524956003F2BD8 /* Supporting Files */,
			);
			path = WeatherChartTests;
			sourceTree = "<group>";
		};
		CA2101611B524956003F2BD8 /* Supporting Files */ = {
			isa = PBXGroup;
			children = (
				CA2101621B524956003F2BD8 /* Info.plist */,
			);
			name = "Supporting Files";
			sourceTree = "<group>";
		};
/* End PBXGroup section */

/* Begin PBXNativeTarget section */
		CA2101471B524956003F2BD8 /* WeatherChart */ = {
			isa = PBXNativeTarget;
			buildConfigurationList = CA2101671B524956003F2BD8 /* Build configuration list for PBXNativeTarget "WeatherChart" */;
			buildPhases = (
				CA2101441B524956003F2BD8 /* Sources */,
				CA2101451B524956003F2BD8 /* Frameworks */,
				CA2101461B524956003F2BD8 /* Resources */,
			);
			buildRules = (
			);
			dependencies = (
			);
			name = WeatherChart;
			productName = WeatherChart;
			productReference = CA2101481B524956003F2BD8 /* WeatherChart.app */;
			productType = "com.apple.product-type.application";
		};
		CA21015C1B524956003F2BD8 /* WeatherChartTests */ = {
			isa = PBXNativeTarget;
			buildConfigurationList = CA21016A1B524956003F2BD8 /* Build configuration list for PBXNativeTarget "WeatherChartTests" */;
			buildPhases = (
				CA2101591B524956003F2BD8 /* Sources */,
				CA21015A1B524956003F2BD8 /* Frameworks */,
				CA21015B1B524956003F2BD8 /* Resources */,
			);
			buildRules = (
			);
			dependencies = (
				CA21015F1B524956003F2BD8 /* PBXTargetDependency */,
			);
			name = WeatherChartTests;
			productName = WeatherChartTests;
			productReference = CA21015D1B524956003F2BD8 /* WeatherChartTests.xctest */;
			productType = "com.apple.product-type.bundle.unit-test";
		};
/* End PBXNativeTarget section */

/* Begin PBXProject section */
		CA2101401B524956003F2BD8 /* Project object */ = {
			isa = PBXProject;
			attributes = {
				LastUpgradeCheck = 0640;
				ORGANIZATIONNAME = "Sho Tanaka";
				TargetAttributes = {
					CA2101471B524956003F2BD8 = {
						CreatedOnToolsVersion = 6.4;
					};
					CA21015C1B524956003F2BD8 = {
						CreatedOnToolsVersion = 6.4;
						TestTargetID = CA2101471B524956003F2BD8;
					};
				};
			};
			buildConfigurationList = CA2101431B524956003F2BD8 /* Build configuration list for PBXProject "WeatherChart" */;
			compatibilityVersion = "Xcode 3.2";
			developmentRegion = English;
			hasScannedForEncodings = 0;
			knownRegions = (
				en,
				Base,
			);
			mainGroup = CA21013F1B524956003F2BD8;
			productRefGroup = CA2101491B524956003F2BD8 /* Products */;
			projectDirPath = "";
			projectRoot = "";
			targets = (
				CA2101471B524956003F2BD8 /* WeatherChart */,
				CA21015C1B524956003F2BD8 /* WeatherChartTests */,
			);
		};
/* End PBXProject section */

/* Begin PBXResourcesBuildPhase section */
		CA2101461B524956003F2BD8 /* Resources */ = {
			isa = PBXResourcesBuildPhase;
			buildActionMask = 2147483647;
			files = (
				CA2101531B524956003F2BD8 /* Main.storyboard in Resources */,
				CAD9143F1B5F511300538286 /* Sapporp_to_Hakodate.gpx in Resources */,
				CA2101761B52D313003F2BD8 /* Kyoto_St.gpx in Resources */,
				CA2101581B524956003F2BD8 /* LaunchScreen.xib in Resources */,
				CA2101721B52A171003F2BD8 /* Niigata_St.gpx in Resources */,
				CA2101551B524956003F2BD8 /* Images.xcassets in Resources */,
				CA21016E1B52A039003F2BD8 /* tokyo_St_mnl.gpx in Resources */,
			);
			runOnlyForDeploymentPostprocessing = 0;
		};
		CA21015B1B524956003F2BD8 /* Resources */ = {
			isa = PBXResourcesBuildPhase;
			buildActionMask = 2147483647;
			files = (
			);
			runOnlyForDeploymentPostprocessing = 0;
		};
/* End PBXResourcesBuildPhase section */

/* Begin PBXSourcesBuildPhase section */
		CA2101441B524956003F2BD8 /* Sources */ = {
			isa = PBXSourcesBuildPhase;
			buildActionMask = 2147483647;
			files = (
				CA2101501B524956003F2BD8 /* ViewController.swift in Sources */,
				CA21014E1B524956003F2BD8 /* AppDelegate.swift in Sources */,
				CA2101741B52BE37003F2BD8 /* ChartViewController.swift in Sources */,
			);
			runOnlyForDeploymentPostprocessing = 0;
		};
		CA2101591B524956003F2BD8 /* Sources */ = {
			isa = PBXSourcesBuildPhase;
			buildActionMask = 2147483647;
			files = (
				CA2101641B524956003F2BD8 /* WeatherChartTests.swift in Sources */,
			);
			runOnlyForDeploymentPostprocessing = 0;
		};
/* End PBXSourcesBuildPhase section */

/* Begin PBXTargetDependency section */
		CA21015F1B524956003F2BD8 /* PBXTargetDependency */ = {
			isa = PBXTargetDependency;
			target = CA2101471B524956003F2BD8 /* WeatherChart */;
			targetProxy = CA21015E1B524956003F2BD8 /* PBXContainerItemProxy */;
		};
/* End PBXTargetDependency section */

/* Begin PBXVariantGroup section */
		CA2101511B524956003F2BD8 /* Main.storyboard */ = {
			isa = PBXVariantGroup;
			children = (
				CA2101521B524956003F2BD8 /* Base */,
			);
			name = Main.storyboard;
			sourceTree = "<group>";
		};
		CA2101561B524956003F2BD8 /* LaunchScreen.xib */ = {
			isa = PBXVariantGroup;
			children = (
				CA2101571B524956003F2BD8 /* Base */,
			);
			name = LaunchScreen.xib;
			sourceTree = "<group>";
		};
/* End PBXVariantGroup section */

/* Begin XCBuildConfiguration section */
		CA2101651B524956003F2BD8 /* Debug */ = {
			isa = XCBuildConfiguration;
			buildSettings = {
				ALWAYS_SEARCH_USER_PATHS = NO;
				CLANG_CXX_LANGUAGE_STANDARD = "gnu++0x";
				CLANG_CXX_LIBRARY = "libc++";
				CLANG_ENABLE_MODULES = YES;
				CLANG_ENABLE_OBJC_ARC = YES;
				CLANG_WARN_BOOL_CONVERSION = YES;
				CLANG_WARN_CONSTANT_CONVERSION = YES;
				CLANG_WARN_DIRECT_OBJC_ISA_USAGE = YES_ERROR;
				CLANG_WARN_EMPTY_BODY = YES;
				CLANG_WARN_ENUM_CONVERSION = YES;
				CLANG_WARN_INT_CONVERSION = YES;
				CLANG_WARN_OBJC_ROOT_CLASS = YES_ERROR;
				CLANG_WARN_UNREACHABLE_CODE = YES;
				CLANG_WARN__DUPLICATE_METHOD_MATCH = YES;
				"CODE_SIGN_IDENTITY[sdk=iphoneos*]" = "iPhone Developer";
				COPY_PHASE_STRIP = NO;
				DEBUG_INFORMATION_FORMAT = "dwarf-with-dsym";
				ENABLE_STRICT_OBJC_MSGSEND = YES;
				GCC_C_LANGUAGE_STANDARD = gnu99;
				GCC_DYNAMIC_NO_PIC = NO;
				GCC_NO_COMMON_BLOCKS = YES;
				GCC_OPTIMIZATION_LEVEL = 0;
				GCC_PREPROCESSOR_DEFINITIONS = (
					"DEBUG=1",
					"$(inherited)",
				);
				GCC_SYMBOLS_PRIVATE_EXTERN = NO;
				GCC_WARN_64_TO_32_BIT_CONVERSION = YES;
				GCC_WARN_ABOUT_RETURN_TYPE = YES_ERROR;
				GCC_WARN_UNDECLARED_SELECTOR = YES;
				GCC_WARN_UNINITIALIZED_AUTOS = YES_AGGRESSIVE;
				GCC_WARN_UNUSED_FUNCTION = YES;
				GCC_WARN_UNUSED_VARIABLE = YES;
				IPHONEOS_DEPLOYMENT_TARGET = 8.4;
				MTL_ENABLE_DEBUG_INFO = YES;
				ONLY_ACTIVE_ARCH = YES;
				SDKROOT = iphoneos;
				SWIFT_OPTIMIZATION_LEVEL = "-Onone";
			};
			name = Debug;
		};
		CA2101661B524956003F2BD8 /* Release */ = {
			isa = XCBuildConfiguration;
			buildSettings = {
				ALWAYS_SEARCH_USER_PATHS = NO;
				CLANG_CXX_LANGUAGE_STANDARD = "gnu++0x";
				CLANG_CXX_LIBRARY = "libc++";
				CLANG_ENABLE_MODULES = YES;
				CLANG_ENABLE_OBJC_ARC = YES;
				CLANG_WARN_BOOL_CONVERSION = YES;
				CLANG_WARN_CONSTANT_CONVERSION = YES;
				CLANG_WARN_DIRECT_OBJC_ISA_USAGE = YES_ERROR;
				CLANG_WARN_EMPTY_BODY = YES;
				CLANG_WARN_ENUM_CONVERSION = YES;
				CLANG_WARN_INT_CONVERSION = YES;
				CLANG_WARN_OBJC_ROOT_CLASS = YES_ERROR;
				CLANG_WARN_UNREACHABLE_CODE = YES;
				CLANG_WARN__DUPLICATE_METHOD_MATCH = YES;
				"CODE_SIGN_IDENTITY[sdk=iphoneos*]" = "iPhone Developer";
				COPY_PHASE_STRIP = NO;
				DEBUG_INFORMATION_FORMAT = "dwarf-with-dsym";
				ENABLE_NS_ASSERTIONS = NO;
				ENABLE_STRICT_OBJC_MSGSEND = YES;
				GCC_C_LANGUAGE_STANDARD = gnu99;
				GCC_NO_COMMON_BLOCKS = YES;
				GCC_WARN_64_TO_32_BIT_CONVERSION = YES;
				GCC_WARN_ABOUT_RETURN_TYPE = YES_ERROR;
				GCC_WARN_UNDECLARED_SELECTOR = YES;
				GCC_WARN_UNINITIALIZED_AUTOS = YES_AGGRESSIVE;
				GCC_WARN_UNUSED_FUNCTION = YES;
				GCC_WARN_UNUSED_VARIABLE = YES;
				IPHONEOS_DEPLOYMENT_TARGET = 8.4;
				MTL_ENABLE_DEBUG_INFO = NO;
				SDKROOT = iphoneos;
				VALIDATE_PRODUCT = YES;
			};
			name = Release;
		};
		CA2101681B524956003F2BD8 /* Debug */ = {
			isa = XCBuildConfiguration;
			buildSettings = {
				ASSETCATALOG_COMPILER_APPICON_NAME = AppIcon;
				INFOPLIST_FILE = WeatherChart/Info.plist;
				LD_RUNPATH_SEARCH_PATHS = "$(inherited) @executable_path/Frameworks";
				PRODUCT_NAME = "$(TARGET_NAME)";
			};
			name = Debug;
		};
		CA2101691B524956003F2BD8 /* Release */ = {
			isa = XCBuildConfiguration;
			buildSettings = {
				ASSETCATALOG_COMPILER_APPICON_NAME = AppIcon;
				INFOPLIST_FILE = WeatherChart/Info.plist;
				LD_RUNPATH_SEARCH_PATHS = "$(inherited) @executable_path/Frameworks";
				PRODUCT_NAME = "$(TARGET_NAME)";
			};
			name = Release;
		};
		CA21016B1B524956003F2BD8 /* Debug */ = {
			isa = XCBuildConfiguration;
			buildSettings = {
				BUNDLE_LOADER = "$(TEST_HOST)";
				FRAMEWORK_SEARCH_PATHS = (
					"$(SDKROOT)/Developer/Library/Frameworks",
					"$(inherited)",
				);
				GCC_PREPROCESSOR_DEFINITIONS = (
					"DEBUG=1",
					"$(inherited)",
				);
				INFOPLIST_FILE = WeatherChartTests/Info.plist;
				LD_RUNPATH_SEARCH_PATHS = "$(inherited) @executable_path/Frameworks @loader_path/Frameworks";
				PRODUCT_NAME = "$(TARGET_NAME)";
				TEST_HOST = "$(BUILT_PRODUCTS_DIR)/WeatherChart.app/WeatherChart";
			};
			name = Debug;
		};
		CA21016C1B524956003F2BD8 /* Release */ = {
			isa = XCBuildConfiguration;
			buildSettings = {
				BUNDLE_LOADER = "$(TEST_HOST)";
				FRAMEWORK_SEARCH_PATHS = (
					"$(SDKROOT)/Developer/Library/Frameworks",
					"$(inherited)",
				);
				INFOPLIST_FILE = WeatherChartTests/Info.plist;
				LD_RUNPATH_SEARCH_PATHS = "$(inherited) @executable_path/Frameworks @loader_path/Frameworks";
				PRODUCT_NAME = "$(TARGET_NAME)";
				TEST_HOST = "$(BUILT_PRODUCTS_DIR)/WeatherChart.app/WeatherChart";
			};
			name = Release;
		};
/* End XCBuildConfiguration section */

/* Begin XCConfigurationList section */
		CA2101431B524956003F2BD8 /* Build configuration list for PBXProject "WeatherChart" */ = {
			isa = XCConfigurationList;
			buildConfigurations = (
				CA2101651B524956003F2BD8 /* Debug */,
				CA2101661B524956003F2BD8 /* Release */,
			);
			defaultConfigurationIsVisible = 0;
			defaultConfigurationName = Release;
		};
		CA2101671B524956003F2BD8 /* Build configuration list for PBXNativeTarget "WeatherChart" */ = {
			isa = XCConfigurationList;
			buildConfigurations = (
				CA2101681B524956003F2BD8 /* Debug */,
				CA2101691B524956003F2BD8 /* Release */,
			);
			defaultConfigurationIsVisible = 0;
			defaultConfigurationName = Release;
		};
		CA21016A1B524956003F2BD8 /* Build configuration list for PBXNativeTarget "WeatherChartTests" */ = {
			isa = XCConfigurationList;
			buildConfigurations = (
				CA21016B1B524956003F2BD8 /* Debug */,
				CA21016C1B524956003F2BD8 /* Release */,
			);
			defaultConfigurationIsVisible = 0;
			defaultConfigurationName = Release;
		};
/* End XCConfigurationList section */
	};
	rootObject = CA2101401B524956003F2BD8 /* Project object */;
}
